Microsoft Visual Studio Solution File, Format Version 12.00
# Visual Studio Version 17
VisualStudioVersion = 17.5.2.0
MinimumVisualStudioVersion = 10.0.40219.1
Project("{FAE04EC0-301F-11D3-BF4B-00C04F79EFBC}") = "Archipelago.RiskOfRain2", "Archipelago.RiskOfRain2.csproj", "{559C4DBF-7163-84FD-EDCA-C600DF518AA4}"
EndProject
Global
	GlobalSection(SolutionConfigurationPlatforms) = preSolution
		Debug|Any CPU = Debug|Any CPU
		Release|Any CPU = Release|Any CPU
	EndGlobalSection
	GlobalSection(ProjectConfigurationPlatforms) = postSolution
		{559C4DBF-7163-84FD-EDCA-C600DF518AA4}.Debug|Any CPU.ActiveCfg = Debug|Any CPU
		{559C4DBF-7163-84FD-EDCA-C600DF518AA4}.Debug|Any CPU.Build.0 = Debug|Any CPU
		{559C4DBF-7163-84FD-EDCA-C600DF518AA4}.Release|Any CPU.ActiveCfg = Release|Any CPU
		{559C4DBF-7163-84FD-EDCA-C600DF518AA4}.Release|Any CPU.Build.0 = Release|Any CPU
	EndGlobalSection
	GlobalSection(SolutionProperties) = preSolution
		HideSolutionNode = FALSE
	EndGlobalSection
	GlobalSection(ExtensibilityGlobals) = postSolution
		SolutionGuid = {40F19F27-D63E-4844-9872-CE9FD7B7E6E0}
	EndGlobalSection
EndGlobal
